{
  "originHash" : "4ad2ae31135ab6d0b5528afbdfeb19b8d1c34df2f45eeef6b948678fe25643de",
  "pins" : [
    {
      "identity" : "swift-syntax",
      "kind" : "remoteSourceControl",
      "location" : "https://github.com/apple/swift-syntax.git",
      "state" : {
        "revision" : "cb53fa1bd3219b0b23ded7dfdd3b2baff266fd25",
        "version" : "600.0.0"
      }
    }
  ],
  "version" : 3
}
